// !$*UTF8*$!
{
	archiveVersion = 1;
	classes = {
	};
	objectVersion = 48;
	objects = {

/* Begin PBXBuildFile section */
		6D8820B71FFFA0DD00B210F1 /* AppDelegate.swift in Sources */ = {isa = PBXBuildFile; fileRef = 6D8820B61FFFA0DD00B210F1 /* AppDelegate.swift */; };
		6D8820B91FFFA0DD00B210F1 /* GoalsVC.swift in Sources */ = {isa = PBXBuildFile; fileRef = 6D8820B81FFFA0DD00B210F1 /* GoalsVC.swift */; };
		6D8820BC1FFFA0DD00B210F1 /* Main.storyboard in Resources */ = {isa = PBXBuildFile; fileRef = 6D8820BA1FFFA0DD00B210F1 /* Main.storyboard */; };
		6D8820BF1FFFA0DD00B210F1 /* goal_we_app.xcdatamodeld in Sources */ = {isa = PBXBuildFile; fileRef = 6D8820BD1FFFA0DD00B210F1 /* goal_we_app.xcdatamodeld */; };
		6D8820C11FFFA0DD00B210F1 /* Assets.xcassets in Resources */ = {isa = PBXBuildFile; fileRef = 6D8820C01FFFA0DD00B210F1 /* Assets.xcassets */; };
		6D8820C41FFFA0DD00B210F1 /* LaunchScreen.storyboard in Resources */ = {isa = PBXBuildFile; fileRef = 6D8820C21FFFA0DD00B210F1 /* LaunchScreen.storyboard */; };
		6D8820D01FFFAFB000B210F1 /* GoalCell.swift in Sources */ = {isa = PBXBuildFile; fileRef = 6D8820CF1FFFAFB000B210F1 /* GoalCell.swift */; };
		6D8820D21FFFBBDD00B210F1 /* GoalType.swift in Sources */ = {isa = PBXBuildFile; fileRef = 6D8820D11FFFBBDD00B210F1 /* GoalType.swift */; };
		6D8820D41FFFC4DE00B210F1 /* CreateGoalVC.swift in Sources */ = {isa = PBXBuildFile; fileRef = 6D8820D31FFFC4DE00B210F1 /* CreateGoalVC.swift */; };
		6D8820D61FFFDF0300B210F1 /* UIViewControllerExt.swift in Sources */ = {isa = PBXBuildFile; fileRef = 6D8820D51FFFDF0300B210F1 /* UIViewControllerExt.swift */; };
		6D8820D81FFFE9FC00B210F1 /* UIViewExt.swift in Sources */ = {isa = PBXBuildFile; fileRef = 6D8820D71FFFE9FC00B210F1 /* UIViewExt.swift */; };
		6D8820DA1FFFEF1300B210F1 /* UIButtonExt.swift in Sources */ = {isa = PBXBuildFile; fileRef = 6D8820D91FFFEF1300B210F1 /* UIButtonExt.swift */; };
		6D8820DC1FFFF46200B210F1 /* FinishGoalVC.swift in Sources */ = {isa = PBXBuildFile; fileRef = 6D8820DB1FFFF46200B210F1 /* FinishGoalVC.swift */; };
/* End PBXBuildFile section */

/* Begin PBXFileReference section */
		6D8820B31FFFA0DD00B210F1 /* goal.we-app.app */ = {isa = PBXFileReference; explicitFileType = wrapper.application; includeInIndex = 0; path = "goal.we-app.app"; sourceTree = BUILT_PRODUCTS_DIR; };
		6D8820B61FFFA0DD00B210F1 /* AppDelegate.swift */ = {isa = PBXFileReference; lastKnownFileType = sourcecode.swift; path = AppDelegate.swift; sourceTree = "<group>"; };
		6D8820B81FFFA0DD00B210F1 /* GoalsVC.swift */ = {isa = PBXFileReference; lastKnownFileType = sourcecode.swift; path = GoalsVC.swift; sourceTree = "<group>"; };
		6D8820BB1FFFA0DD00B210F1 /* Base */ = {isa = PBXFileReference; lastKnownFileType = file.storyboard; name = Base; path = Base.lproj/Main.storyboard; sourceTree = "<group>"; };
		6D8820BE1FFFA0DD00B210F1 /* goal_we_app.xcdatamodel */ = {isa = PBXFileReference; lastKnownFileType = wrapper.xcdatamodel; path = goal_we_app.xcdatamodel; sourceTree = "<group>"; };
		6D8820C01FFFA0DD00B210F1 /* Assets.xcassets */ = {isa = PBXFileReference; lastKnownFileType = folder.assetcatalog; path = Assets.xcassets; sourceTree = "<group>"; };
		6D8820C31FFFA0DD00B210F1 /* Base */ = {isa = PBXFileReference; lastKnownFileType = file.storyboard; name = Base; path = Base.lproj/LaunchScreen.storyboard; sourceTree = "<group>"; };
		6D8820C51FFFA0DD00B210F1 /* Info.plist */ = {isa = PBXFileReference; lastKnownFileType = text.plist.xml; path = Info.plist; sourceTree = "<group>"; };
		6D8820CF1FFFAFB000B210F1 /* GoalCell.swift */ = {isa = PBXFileReference; lastKnownFileType = sourcecode.swift; path = GoalCell.swift; sourceTree = "<group>"; };
		6D8820D11FFFBBDD00B210F1 /* GoalType.swift */ = {isa = PBXFileReference; lastKnownFileType = sourcecode.swift; path = GoalType.swift; sourceTree = "<group>"; };
		6D8820D31FFFC4DE00B210F1 /* CreateGoalVC.swift */ = {isa = PBXFileReference; lastKnownFileType = sourcecode.swift; path = CreateGoalVC.swift; sourceTree = "<group>"; };
		6D8820D51FFFDF0300B210F1 /* UIViewControllerExt.swift */ = {isa = PBXFileReference; lastKnownFileType = sourcecode.swift; path = UIViewControllerExt.swift; sourceTree = "<group>"; };
		6D8820D71FFFE9FC00B210F1 /* UIViewExt.swift */ = {isa = PBXFileReference; lastKnownFileType = sourcecode.swift; path = UIViewExt.swift; sourceTree = "<group>"; };
		6D8820D91FFFEF1300B210F1 /* UIButtonExt.swift */ = {isa = PBXFileReference; lastKnownFileType = sourcecode.swift; path = UIButtonExt.swift; sourceTree = "<group>"; };
		6D8820DB1FFFF46200B210F1 /* FinishGoalVC.swift */ = {isa = PBXFileReference; lastKnownFileType = sourcecode.swift; path = FinishGoalVC.swift; sourceTree = "<group>"; };
/* End PBXFileReference section */

/* Begin PBXFrameworksBuildPhase section */
		6D8820B01FFFA0DC00B210F1 /* Frameworks */ = {
			isa = PBXFrameworksBuildPhase;
			buildActionMask = 2147483647;
			files = (
			);
			runOnlyForDeploymentPostprocessing = 0;
		};
/* End PBXFrameworksBuildPhase section */

/* Begin PBXGroup section */
		6D8820AA1FFFA0DC00B210F1 = {
			isa = PBXGroup;
			children = (
				6D8820B51FFFA0DD00B210F1 /* goal.we-app */,
				6D8820B41FFFA0DD00B210F1 /* Products */,
			);
			sourceTree = "<group>";
		};
		6D8820B41FFFA0DD00B210F1 /* Products */ = {
			isa = PBXGroup;
			children = (
				6D8820B31FFFA0DD00B210F1 /* goal.we-app.app */,
			);
			name = Products;
			sourceTree = "<group>";
		};
		6D8820B51FFFA0DD00B210F1 /* goal.we-app */ = {
			isa = PBXGroup;
			children = (
				6D8820CE1FFFA16400B210F1 /* Extensions */,
				6D8820CD1FFFA15E00B210F1 /* Enums */,
				6D8820CC1FFFA13700B210F1 /* View */,
				6D8820CB1FFFA10C00B210F1 /* Controller */,
				6D8820B61FFFA0DD00B210F1 /* AppDelegate.swift */,
				6D8820BA1FFFA0DD00B210F1 /* Main.storyboard */,
				6D8820C01FFFA0DD00B210F1 /* Assets.xcassets */,
				6D8820C21FFFA0DD00B210F1 /* LaunchScreen.storyboard */,
				6D8820C51FFFA0DD00B210F1 /* Info.plist */,
				6D8820BD1FFFA0DD00B210F1 /* goal_we_app.xcdatamodeld */,
			);
			path = "goal.we-app";
			sourceTree = "<group>";
		};
		6D8820CB1FFFA10C00B210F1 /* Controller */ = {
			isa = PBXGroup;
			children = (
				6D8820B81FFFA0DD00B210F1 /* GoalsVC.swift */,
				6D8820D31FFFC4DE00B210F1 /* CreateGoalVC.swift */,
				6D8820DB1FFFF46200B210F1 /* FinishGoalVC.swift */,
			);
			path = Controller;
			sourceTree = "<group>";
		};
		6D8820CC1FFFA13700B210F1 /* View */ = {
			isa = PBXGroup;
			children = (
				6D8820CF1FFFAFB000B210F1 /* GoalCell.swift */,
			);
			path = View;
			sourceTree = "<group>";
		};
		6D8820CD1FFFA15E00B210F1 /* Enums */ = {
			isa = PBXGroup;
			children = (
				6D8820D11FFFBBDD00B210F1 /* GoalType.swift */,
			);
			path = Enums;
			sourceTree = "<group>";
		};
		6D8820CE1FFFA16400B210F1 /* Extensions */ = {
			isa = PBXGroup;
			children = (
				6D8820D51FFFDF0300B210F1 /* UIViewControllerExt.swift */,
				6D8820D71FFFE9FC00B210F1 /* UIViewExt.swift */,
				6D8820D91FFFEF1300B210F1 /* UIButtonExt.swift */,
			);
			path = Extensions;
			sourceTree = "<group>";
		};
/* End PBXGroup section */

/* Begin PBXNativeTarget section */
		6D8820B21FFFA0DC00B210F1 /* goal.we-app */ = {
			isa = PBXNativeTarget;
			buildConfigurationList = 6D8820C81FFFA0DD00B210F1 /* Build configuration list for PBXNativeTarget "goal.we-app" */;
			buildPhases = (
				6D8820AF1FFFA0DC00B210F1 /* Sources */,
				6D8820B01FFFA0DC00B210F1 /* Frameworks */,
				6D8820B11FFFA0DC00B210F1 /* Resources */,
			);
			buildRules = (
			);
			dependencies = (
			);
			name = "goal.we-app";
			productName = "goal.we-app";
			productReference = 6D8820B31FFFA0DD00B210F1 /* goal.we-app.app */;
			productType = "com.apple.product-type.application";
		};
/* End PBXNativeTarget section */

/* Begin PBXProject section */
		6D8820AB1FFFA0DC00B210F1 /* Project object */ = {
			isa = PBXProject;
			attributes = {
				LastSwiftUpdateCheck = 0920;
				LastUpgradeCheck = 0920;
				ORGANIZATIONNAME = "JJ Nuijten";
				TargetAttributes = {
					6D8820B21FFFA0DC00B210F1 = {
						CreatedOnToolsVersion = 9.2;
						ProvisioningStyle = Automatic;
					};
				};
			};
			buildConfigurationList = 6D8820AE1FFFA0DC00B210F1 /* Build configuration list for PBXProject "goal.we-app" */;
			compatibilityVersion = "Xcode 8.0";
			developmentRegion = en;
			hasScannedForEncodings = 0;
			knownRegions = (
				en,
				Base,
			);
			mainGroup = 6D8820AA1FFFA0DC00B210F1;
			productRefGroup = 6D8820B41FFFA0DD00B210F1 /* Products */;
			projectDirPath = "";
			projectRoot = "";
			targets = (
				6D8820B21FFFA0DC00B210F1 /* goal.we-app */,
			);
		};
/* End PBXProject section */

/* Begin PBXResourcesBuildPhase section */
		6D8820B11FFFA0DC00B210F1 /* Resources */ = {
			isa = PBXResourcesBuildPhase;
			buildActionMask = 2147483647;
			files = (
				6D8820C41FFFA0DD00B210F1 /* LaunchScreen.storyboard in Resources */,
				6D8820C11FFFA0DD00B210F1 /* Assets.xcassets in Resources */,
				6D8820BC1FFFA0DD00B210F1 /* Main.storyboard in Resources */,
			);
			runOnlyForDeploymentPostprocessing = 0;
		};
/* End PBXResourcesBuildPhase section */

/* Begin PBXSourcesBuildPhase section */
		6D8820AF1FFFA0DC00B210F1 /* Sources */ = {
			isa = PBXSourcesBuildPhase;
			buildActionMask = 2147483647;
			files = (
				6D8820D01FFFAFB000B210F1 /* GoalCell.swift in Sources */,
				6D8820D41FFFC4DE00B210F1 /* CreateGoalVC.swift in Sources */,
				6D8820D21FFFBBDD00B210F1 /* GoalType.swift in Sources */,
				6D8820B91FFFA0DD00B210F1 /* GoalsVC.swift in Sources */,
				6D8820D81FFFE9FC00B210F1 /* UIViewExt.swift in Sources */,
				6D8820BF1FFFA0DD00B210F1 /* goal_we_app.xcdatamodeld in Sources */,
				6D8820D61FFFDF0300B210F1 /* UIViewControllerExt.swift in Sources */,
				6D8820DA1FFFEF1300B210F1 /* UIButtonExt.swift in Sources */,
				6D8820DC1FFFF46200B210F1 /* FinishGoalVC.swift in Sources */,
				6D8820B71FFFA0DD00B210F1 /* AppDelegate.swift in Sources */,
			);
			runOnlyForDeploymentPostprocessing = 0;
		};
/* End PBXSourcesBuildPhase section */

/* Begin PBXVariantGroup section */
		6D8820BA1FFFA0DD00B210F1 /* Main.storyboard */ = {
			isa = PBXVariantGroup;
			children = (
				6D8820BB1FFFA0DD00B210F1 /* Base */,
			);
			name = Main.storyboard;
			sourceTree = "<group>";
		};
		6D8820C21FFFA0DD00B210F1 /* LaunchScreen.storyboard */ = {
			isa = PBXVariantGroup;
			children = (
				6D8820C31FFFA0DD00B210F1 /* Base */,
			);
			name = LaunchScreen.storyboard;
			sourceTree = "<group>";
		};
/* End PBXVariantGroup section */

/* Begin XCBuildConfiguration section */
		6D8820C61FFFA0DD00B210F1 /* Debug */ = {
			isa = XCBuildConfiguration;
			buildSettings = {
				ALWAYS_SEARCH_USER_PATHS = NO;
				CLANG_ANALYZER_NONNULL = YES;
				CLANG_ANALYZER_NUMBER_OBJECT_CONVERSION = YES_AGGRESSIVE;
				CLANG_CXX_LANGUAGE_STANDARD = "gnu++14";
				CLANG_CXX_LIBRARY = "libc++";
				CLANG_ENABLE_MODULES = YES;
				CLANG_ENABLE_OBJC_ARC = YES;
				CLANG_WARN_BLOCK_CAPTURE_AUTORELEASING = YES;
				CLANG_WARN_BOOL_CONVERSION = YES;
				CLANG_WARN_COMMA = YES;
				CLANG_WARN_CONSTANT_CONVERSION = YES;
				CLANG_WARN_DIRECT_OBJC_ISA_USAGE = YES_ERROR;
				CLANG_WARN_DOCUMENTATION_COMMENTS = YES;
				CLANG_WARN_EMPTY_BODY = YES;
				CLANG_WARN_ENUM_CONVERSION = YES;
				CLANG_WARN_INFINITE_RECURSION = YES;
				CLANG_WARN_INT_CONVERSION = YES;
				CLANG_WARN_NON_LITERAL_NULL_CONVERSION = YES;
				CLANG_WARN_OBJC_LITERAL_CONVERSION = YES;
				CLANG_WARN_OBJC_ROOT_CLASS = YES_ERROR;
				CLANG_WARN_RANGE_LOOP_ANALYSIS = YES;
				CLANG_WARN_STRICT_PROTOTYPES = YES;
				CLANG_WARN_SUSPICIOUS_MOVE = YES;
				CLANG_WARN_UNGUARDED_AVAILABILITY = YES_AGGRESSIVE;
				CLANG_WARN_UNREACHABLE_CODE = YES;
				CLANG_WARN__DUPLICATE_METHOD_MATCH = YES;
				CODE_SIGN_IDENTITY = "iPhone Developer";
				COPY_PHASE_STRIP = NO;
				DEBUG_INFORMATION_FORMAT = dwarf;
				ENABLE_STRICT_OBJC_MSGSEND = YES;
				ENABLE_TESTABILITY = YES;
				GCC_C_LANGUAGE_STANDARD = gnu11;
				GCC_DYNAMIC_NO_PIC = NO;
				GCC_NO_COMMON_BLOCKS = YES;
				GCC_OPTIMIZATION_LEVEL = 0;
				GCC_PREPROCESSOR_DEFINITIONS = (
					"DEBUG=1",
					"$(inherited)",
				);
				GCC_WARN_64_TO_32_BIT_CONVERSION = YES;
				GCC_WARN_ABOUT_RETURN_TYPE = YES_ERROR;
				GCC_WARN_UNDECLARED_SELECTOR = YES;
				GCC_WARN_UNINITIALIZED_AUTOS = YES_AGGRESSIVE;
				GCC_WARN_UNUSED_FUNCTION = YES;
				GCC_WARN_UNUSED_VARIABLE = YES;
				IPHONEOS_DEPLOYMENT_TARGET = 11.2;
				MTL_ENABLE_DEBUG_INFO = YES;
				ONLY_ACTIVE_ARCH = YES;
				SDKROOT = iphoneos;
				SWIFT_ACTIVE_COMPILATION_CONDITIONS = DEBUG;
				SWIFT_OPTIMIZATION_LEVEL = "-Onone";
			};
			name = Debug;
		};
		6D8820C71FFFA0DD00B210F1 /* Release */ = {
			isa = XCBuildConfiguration;
			buildSettings = {
				ALWAYS_SEARCH_USER_PATHS = NO;
				CLANG_ANALYZER_NONNULL = YES;
				CLANG_ANALYZER_NUMBER_OBJECT_CONVERSION = YES_AGGRESSIVE;
				CLANG_CXX_LANGUAGE_STANDARD = "gnu++14";
				CLANG_CXX_LIBRARY = "libc++";
				CLANG_ENABLE_MODULES = YES;
				CLANG_ENABLE_OBJC_ARC = YES;
				CLANG_WARN_BLOCK_CAPTURE_AUTORELEASING = YES;
				CLANG_WARN_BOOL_CONVERSION = YES;
				CLANG_WARN_COMMA = YES;
				CLANG_WARN_CONSTANT_CONVERSION = YES;
				CLANG_WARN_DIRECT_OBJC_ISA_USAGE = YES_ERROR;
				CLANG_WARN_DOCUMENTATION_COMMENTS = YES;
				CLANG_WARN_EMPTY_BODY = YES;
				CLANG_WARN_ENUM_CONVERSION = YES;
				CLANG_WARN_INFINITE_RECURSION = YES;
				CLANG_WARN_INT_CONVERSION = YES;
				CLANG_WARN_NON_LITERAL_NULL_CONVERSION = YES;
				CLANG_WARN_OBJC_LITERAL_CONVERSION = YES;
				CLANG_WARN_OBJC_ROOT_CLASS = YES_ERROR;
				CLANG_WARN_RANGE_LOOP_ANALYSIS = YES;
				CLANG_WARN_STRICT_PROTOTYPES = YES;
				CLANG_WARN_SUSPICIOUS_MOVE = YES;
				CLANG_WARN_UNGUARDED_AVAILABILITY = YES_AGGRESSIVE;
				CLANG_WARN_UNREACHABLE_CODE = YES;
				CLANG_WARN__DUPLICATE_METHOD_MATCH = YES;
				CODE_SIGN_IDENTITY = "iPhone Developer";
				COPY_PHASE_STRIP = NO;
				DEBUG_INFORMATION_FORMAT = "dwarf-with-dsym";
				ENABLE_NS_ASSERTIONS = NO;
				ENABLE_STRICT_OBJC_MSGSEND = YES;
				GCC_C_LANGUAGE_STANDARD = gnu11;
				GCC_NO_COMMON_BLOCKS = YES;
				GCC_WARN_64_TO_32_BIT_CONVERSION = YES;
				GCC_WARN_ABOUT_RETURN_TYPE = YES_ERROR;
				GCC_WARN_UNDECLARED_SELECTOR = YES;
				GCC_WARN_UNINITIALIZED_AUTOS = YES_AGGRESSIVE;
				GCC_WARN_UNUSED_FUNCTION = YES;
				GCC_WARN_UNUSED_VARIABLE = YES;
				IPHONEOS_DEPLOYMENT_TARGET = 11.2;
				MTL_ENABLE_DEBUG_INFO = NO;
				SDKROOT = iphoneos;
				SWIFT_OPTIMIZATION_LEVEL = "-Owholemodule";
				VALIDATE_PRODUCT = YES;
			};
			name = Release;
		};
		6D8820C91FFFA0DD00B210F1 /* Debug */ = {
			isa = XCBuildConfiguration;
			buildSettings = {
				ASSETCATALOG_COMPILER_APPICON_NAME = AppIcon;
				CODE_SIGN_STYLE = Automatic;
				DEVELOPMENT_TEAM = G8GNJQE9M2;
				INFOPLIST_FILE = "goal.we-app/Info.plist";
				LD_RUNPATH_SEARCH_PATHS = "$(inherited) @executable_path/Frameworks";
				PRODUCT_BUNDLE_IDENTIFIER = "nl.juliusnuijten.goal-we-app";
				PRODUCT_NAME = "$(TARGET_NAME)";
				SWIFT_VERSION = 4.0;
				TARGETED_DEVICE_FAMILY = "1,2";
			};
			name = Debug;
		};
		6D8820CA1FFFA0DD00B210F1 /* Release */ = {
			isa = XCBuildConfiguration;
			buildSettings = {
				ASSETCATALOG_COMPILER_APPICON_NAME = AppIcon;
				CODE_SIGN_STYLE = Automatic;
				DEVELOPMENT_TEAM = G8GNJQE9M2;
				INFOPLIST_FILE = "goal.we-app/Info.plist";
				LD_RUNPATH_SEARCH_PATHS = "$(inherited) @executable_path/Frameworks";
				PRODUCT_BUNDLE_IDENTIFIER = "nl.juliusnuijten.goal-we-app";
				PRODUCT_NAME = "$(TARGET_NAME)";
				SWIFT_VERSION = 4.0;
				TARGETED_DEVICE_FAMILY = "1,2";
			};
			name = Release;
		};
/* End XCBuildConfiguration section */

/* Begin XCConfigurationList section */
		6D8820AE1FFFA0DC00B210F1 /* Build configuration list for PBXProject "goal.we-app" */ = {
			isa = XCConfigurationList;
			buildConfigurations = (
				6D8820C61FFFA0DD00B210F1 /* Debug */,
				6D8820C71FFFA0DD00B210F1 /* Release */,
			);
			defaultConfigurationIsVisible = 0;
			defaultConfigurationName = Release;
		};
		6D8820C81FFFA0DD00B210F1 /* Build configuration list for PBXNativeTarget "goal.we-app" */ = {
			isa = XCConfigurationList;
			buildConfigurations = (
				6D8820C91FFFA0DD00B210F1 /* Debug */,
				6D8820CA1FFFA0DD00B210F1 /* Release */,
			);
			defaultConfigurationIsVisible = 0;
			defaultConfigurationName = Release;
		};
/* End XCConfigurationList section */

/* Begin XCVersionGroup section */
		6D8820BD1FFFA0DD00B210F1 /* goal_we_app.xcdatamodeld */ = {
			isa = XCVersionGroup;
			children = (
				6D8820BE1FFFA0DD00B210F1 /* goal_we_app.xcdatamodel */,
			);
			currentVersion = 6D8820BE1FFFA0DD00B210F1 /* goal_we_app.xcdatamodel */;
			path = goal_we_app.xcdatamodeld;
			sourceTree = "<group>";
			versionGroupType = wrapper.xcdatamodel;
		};
/* End XCVersionGroup section */
	};
	rootObject = 6D8820AB1FFFA0DC00B210F1 /* Project object */;
}
